
Microsoft Visual Studio Solution File, Format Version 12.00
# Visual Studio 15
VisualStudioVersion = 15.0.27703.2000
MinimumVisualStudioVersion = 10.0.40219.1
Project("{FAE04EC0-301F-11D3-BF4B-00C04F79EFBC}") = "Test_WebApp", "Test_WebApp\Test_WebApp.csproj", "{628C8B5B-CA34-456E-9BE6-76F97F83BC77}"
EndProject
Global
	GlobalSection(SolutionConfigurationPlatforms) = preSolution
		Debug|Any CPU = Debug|Any CPU
		Release|Any CPU = Release|Any CPU
	EndGlobalSection
	GlobalSection(ProjectConfigurationPlatforms) = postSolution
		{628C8B5B-CA34-456E-9BE6-76F97F83BC77}.Debug|Any CPU.ActiveCfg = Debug|Any CPU
		{628C8B5B-CA34-456E-9BE6-76F97F83BC77}.Debug|Any CPU.Build.0 = Debug|Any CPU
		{628C8B5B-CA34-456E-9BE6-76F97F83BC77}.Release|Any CPU.ActiveCfg = Release|Any CPU
		{628C8B5B-CA34-456E-9BE6-76F97F83BC77}.Release|Any CPU.Build.0 = Release|Any CPU
	EndGlobalSection
	GlobalSection(SolutionProperties) = preSolution
		HideSolutionNode = FALSE
	EndGlobalSection
	GlobalSection(ExtensibilityGlobals) = postSolution
		SolutionGuid = {8FC907F6-5040-4431-B8E9-F44032B0369D}
	EndGlobalSection
EndGlobal
